
Microsoft Visual Studio Solution File, Format Version 12.00
# Visual Studio Version 17
VisualStudioVersion = 17.11.35327.3
MinimumVisualStudioVersion = 10.0.40219.1
Project("{9A19103F-16F7-4668-BE54-9A1E7A4F7556}") = "WL.Api", "challenge-backend\WL.Api.csproj", "{7374706D-EEE0-4F94-8C34-E358570EDD74}"
EndProject
Project("{9A19103F-16F7-4668-BE54-9A1E7A4F7556}") = "WL.Data", "WL.Data\WL.Data.csproj", "{BA52942F-38A0-4CC1-AB0D-A123DFA3EC0B}"
EndProject
Project("{9A19103F-16F7-4668-BE54-9A1E7A4F7556}") = "WL.Application", "WL.Application\WL.Application.csproj", "{3092C1FA-A371-4FF3-9E4D-6916C40DDB17}"
EndProject
Project("{9A19103F-16F7-4668-BE54-9A1E7A4F7556}") = "WL.Domain", "WL.Domain\WL.Domain.csproj", "{BCD31B85-0D0A-4499-A0EC-3688E369EC7F}"
EndProject
Project("{9A19103F-16F7-4668-BE54-9A1E7A4F7556}") = "WL.IoC", "WL.IoC\WL.IoC.csproj", "{3AF09DE3-50C6-40F2-B3FC-F3EA999A53DC}"
EndProject
Project("{E53339B2-1760-4266-BCC7-CA923CBCF16C}") = "docker-compose", "docker-compose.dcproj", "{82772551-349F-441F-A131-050F30F4B512}"
EndProject
Global
	GlobalSection(SolutionConfigurationPlatforms) = preSolution
		Debug|Any CPU = Debug|Any CPU
		Release|Any CPU = Release|Any CPU
	EndGlobalSection
	GlobalSection(ProjectConfigurationPlatforms) = postSolution
		{7374706D-EEE0-4F94-8C34-E358570EDD74}.Debug|Any CPU.ActiveCfg = Debug|Any CPU
		{7374706D-EEE0-4F94-8C34-E358570EDD74}.Debug|Any CPU.Build.0 = Debug|Any CPU
		{7374706D-EEE0-4F94-8C34-E358570EDD74}.Release|Any CPU.ActiveCfg = Release|Any CPU
		{7374706D-EEE0-4F94-8C34-E358570EDD74}.Release|Any CPU.Build.0 = Release|Any CPU
		{BA52942F-38A0-4CC1-AB0D-A123DFA3EC0B}.Debug|Any CPU.ActiveCfg = Debug|Any CPU
		{BA52942F-38A0-4CC1-AB0D-A123DFA3EC0B}.Debug|Any CPU.Build.0 = Debug|Any CPU
		{BA52942F-38A0-4CC1-AB0D-A123DFA3EC0B}.Release|Any CPU.ActiveCfg = Release|Any CPU
		{BA52942F-38A0-4CC1-AB0D-A123DFA3EC0B}.Release|Any CPU.Build.0 = Release|Any CPU
		{3092C1FA-A371-4FF3-9E4D-6916C40DDB17}.Debug|Any CPU.ActiveCfg = Debug|Any CPU
		{3092C1FA-A371-4FF3-9E4D-6916C40DDB17}.Debug|Any CPU.Build.0 = Debug|Any CPU
		{3092C1FA-A371-4FF3-9E4D-6916C40DDB17}.Release|Any CPU.ActiveCfg = Release|Any CPU
		{3092C1FA-A371-4FF3-9E4D-6916C40DDB17}.Release|Any CPU.Build.0 = Release|Any CPU
		{BCD31B85-0D0A-4499-A0EC-3688E369EC7F}.Debug|Any CPU.ActiveCfg = Debug|Any CPU
		{BCD31B85-0D0A-4499-A0EC-3688E369EC7F}.Debug|Any CPU.Build.0 = Debug|Any CPU
		{BCD31B85-0D0A-4499-A0EC-3688E369EC7F}.Release|Any CPU.ActiveCfg = Release|Any CPU
		{BCD31B85-0D0A-4499-A0EC-3688E369EC7F}.Release|Any CPU.Build.0 = Release|Any CPU
		{3AF09DE3-50C6-40F2-B3FC-F3EA999A53DC}.Debug|Any CPU.ActiveCfg = Debug|Any CPU
		{3AF09DE3-50C6-40F2-B3FC-F3EA999A53DC}.Debug|Any CPU.Build.0 = Debug|Any CPU
		{3AF09DE3-50C6-40F2-B3FC-F3EA999A53DC}.Release|Any CPU.ActiveCfg = Release|Any CPU
		{3AF09DE3-50C6-40F2-B3FC-F3EA999A53DC}.Release|Any CPU.Build.0 = Release|Any CPU
		{82772551-349F-441F-A131-050F30F4B512}.Debug|Any CPU.ActiveCfg = Debug|Any CPU
		{82772551-349F-441F-A131-050F30F4B512}.Debug|Any CPU.Build.0 = Debug|Any CPU
		{82772551-349F-441F-A131-050F30F4B512}.Release|Any CPU.ActiveCfg = Release|Any CPU
		{82772551-349F-441F-A131-050F30F4B512}.Release|Any CPU.Build.0 = Release|Any CPU
	EndGlobalSection
	GlobalSection(SolutionProperties) = preSolution
		HideSolutionNode = FALSE
	EndGlobalSection
	GlobalSection(ExtensibilityGlobals) = postSolution
		SolutionGuid = {5BEB982E-2EB1-43D4-BE5A-14969609B1C1}
	EndGlobalSection
EndGlobal
